<?xml version="1.0" encoding="utf-8"?>
<Project ToolsVersion="4.0" xmlns="http://schemas.microsoft.com/developer/msbuild/2003">
  <ItemGroup>
    <Filter Include="Source Files">
      <UniqueIdentifier>{4FC737F1-C7A5-4376-A066-2A32D752A2FF}</UniqueIdentifier>
      <Extensions>cpp;c;cc;cxx;c++;cppm;ixx;def;odl;idl;hpj;bat;asm;asmx</Extensions>
    </Filter>
    <Filter Include="Header Files">
      <UniqueIdentifier>{93995380-89BD-4b04-88EB-625FBE52EBFB}</UniqueIdentifier>
      <Extensions>h;hh;hpp;hxx;h++;hm;inl;inc;ipp;xsd</Extensions>
    </Filter>
    <Filter Include="Resource Files">
      <UniqueIdentifier>{67DA6AB6-F800-4c08-8B7A-83BB121AAD01}</UniqueIdentifier>
      <Extensions>rc;ico;cur;bmp;dlg;rc2;rct;bin;rgs;gif;jpg;jpeg;jpe;resx;tiff;tif;png;wav;mfcribbon-ms</Extensions>
    </Filter>
    <Filter Include="Module Files">
      <UniqueIdentifier>{993e7cc6-ee5f-469f-bb1b-8ed51d9459e6}</UniqueIdentifier>
      <Extensions>ixx</Extensions>
    </Filter>
    <Filter Include="Header Files\utils">
      <UniqueIdentifier>{41df3e55-5054-4eee-9448-b3159596fcda}</UniqueIdentifier>
    </Filter>
    <Filter Include="Source Files\utils">
      <UniqueIdentifier>{eb7a5791-21fd-4ca3-b329-3021ca165596}</UniqueIdentifier>
    </Filter>
    <Filter Include="Header Files\lua">
      <UniqueIdentifier>{f23d189b-9a9c-4a4a-9277-6e71c96dd1ad}</UniqueIdentifier>
    </Filter>
    <Filter Include="Source Files\lua">
      <UniqueIdentifier>{6b72c8f5-d574-4f30-8349-315fb876a423}</UniqueIdentifier>
    </Filter>
  </ItemGroup>
  <ItemGroup>
    <ClCompile Include="src\main.cpp">
      <Filter>Source Files</Filter>
    </ClCompile>
    <ClCompile Include="src\utils\logger.cpp">
      <Filter>Source Files\utils</Filter>
    </ClCompile>
    <ClCompile Include="src\lua\module.cpp">
      <Filter>Source Files\lua</Filter>
    </ClCompile>
    <ClCompile Include="src\utils\json.cpp">
      <Filter>Source Files\utils</Filter>
    </ClCompile>
    <ClCompile Include="src\utils\path.cpp">
      <Filter>Source Files\utils</Filter>
    </ClCompile>
    <ClCompile Include="src\lua\native_module.cpp">
      <Filter>Source Files\lua</Filter>
    </ClCompile>
    <ClCompile Include="src\data.cpp">
      <Filter>Source Files</Filter>
    </ClCompile>
    <ClCompile Include="src\font.cpp">
      <Filter>Source Files</Filter>
    </ClCompile>
    <ClCompile Include="src\game_controller.cpp">
      <Filter>Source Files</Filter>
    </ClCompile>
    <ClCompile Include="src\lua\template.cpp">
      <Filter>Source Files\lua</Filter>
    </ClCompile>
    <ClCompile Include="src\bubble.cpp">
      <Filter>Source Files</Filter>
    </ClCompile>
    <ClCompile Include="src\level.cpp">
      <Filter>Source Files</Filter>
    </ClCompile>
    <ClCompile Include="src\bubble_board.cpp">
      <Filter>Source Files</Filter>
    </ClCompile>
    <ClCompile Include="src\bubble_gen.cpp">
      <Filter>Source Files</Filter>
    </ClCompile>
    <ClCompile Include="src\particle.cpp">
      <Filter>Source Files</Filter>
    </ClCompile>
    <ClCompile Include="src\motion.cpp">
      <Filter>Source Files</Filter>
    </ClCompile>
    <ClCompile Include="src\sprite.cpp">
      <Filter>Source Files</Filter>
    </ClCompile>
    <ClCompile Include="src\scenario_utils.cpp">
      <Filter>Source Files</Filter>
    </ClCompile>
    <ClCompile Include="src\utils\debug_grid.cpp">
      <Filter>Source Files\utils</Filter>
    </ClCompile>
    <ClCompile Include="src\arrow.cpp">
      <Filter>Source Files</Filter>
    </ClCompile>
  </ItemGroup>
  <ItemGroup>
    <ClInclude Include="src\lua\constants.h">
      <Filter>Header Files\lua</Filter>
    </ClInclude>
    <ClInclude Include="src\lua\env.h">
      <Filter>Header Files\lua</Filter>
    </ClInclude>
    <ClInclude Include="src\utils\logger.h">
      <Filter>Header Files\utils</Filter>
    </ClInclude>
    <ClInclude Include="src\utils\io.h">
      <Filter>Header Files\utils</Filter>
    </ClInclude>
    <ClInclude Include="src\utils\str.h">
      <Filter>Header Files\utils</Filter>
    </ClInclude>
    <ClInclude Include="src\lua\local_values.h">
      <Filter>Header Files\lua</Filter>
    </ClInclude>
    <ClInclude Include="src\lua\module.h">
      <Filter>Header Files\lua</Filter>
    </ClInclude>
    <ClInclude Include="src\utils\reference.h">
      <Filter>Header Files\utils</Filter>
    </ClInclude>
    <ClInclude Include="src\resources.h">
      <Filter>Header Files</Filter>
    </ClInclude>
    <ClInclude Include="src\utils\json.h">
      <Filter>Header Files\utils</Filter>
    </ClInclude>
    <ClInclude Include="src\utils\path.h">
      <Filter>Header Files\utils</Filter>
    </ClInclude>
    <ClInclude Include="src\lua\native_module.h">
      <Filter>Header Files\lua</Filter>
    </ClInclude>
    <ClInclude Include="src\utils\rng.h">
      <Filter>Header Files\utils</Filter>
    </ClInclude>
    <ClInclude Include="src\utils\manager.h">
      <Filter>Header Files\utils</Filter>
    </ClInclude>
    <ClInclude Include="src\object_basics.h">
      <Filter>Header Files</Filter>
    </ClInclude>
    <ClInclude Include="src\game_controller.h">
      <Filter>Header Files</Filter>
    </ClInclude>
    <ClInclude Include="src\data.h">
      <Filter>Header Files</Filter>
    </ClInclude>
    <ClInclude Include="src\font.h">
      <Filter>Header Files</Filter>
    </ClInclude>
    <ClInclude Include="src\utils\rawtypes.h">
      <Filter>Header Files\utils</Filter>
    </ClInclude>
    <ClInclude Include="src\bubble.h">
      <Filter>Header Files</Filter>
    </ClInclude>
    <ClInclude Include="src\lua\template.h">
      <Filter>Header Files\lua</Filter>
    </ClInclude>
    <ClInclude Include="src\level.h">
      <Filter>Header Files</Filter>
    </ClInclude>
    <ClInclude Include="src\utils\math.h">
      <Filter>Header Files\utils</Filter>
    </ClInclude>
    <ClInclude Include="src\bubble_board.h">
      <Filter>Header Files</Filter>
    </ClInclude>
    <ClInclude Include="src\bubble_gen.h">
      <Filter>Header Files</Filter>
    </ClInclude>
    <ClInclude Include="src\scenario.h">
      <Filter>Header Files</Filter>
    </ClInclude>
    <ClInclude Include="src\particle.h">
      <Filter>Header Files</Filter>
    </ClInclude>
    <ClInclude Include="src\motion.h">
      <Filter>Header Files</Filter>
    </ClInclude>
    <ClInclude Include="src\sprite.h">
      <Filter>Header Files</Filter>
    </ClInclude>
    <ClInclude Include="src\scenario_utils.h">
      <Filter>Header Files</Filter>
    </ClInclude>
    <ClInclude Include="src\utils\debug_grid.h">
      <Filter>Header Files\utils</Filter>
    </ClInclude>
    <ClInclude Include="src\arrow.h">
      <Filter>Header Files</Filter>
    </ClInclude>
    <ClInclude Include="src\utils\transform_utils.h">
      <Filter>Header Files\utils</Filter>
    </ClInclude>
    <ClInclude Include="src\utils\angle.h">
      <Filter>Header Files\utils</Filter>
    </ClInclude>
  </ItemGroup>
</Project>