<?xml version="1.0" encoding="utf-8"?>
<Project ToolsVersion="4.0" xmlns="http://schemas.microsoft.com/developer/msbuild/2003">
  <ItemGroup>
    <Filter Include="Source Files">
      <UniqueIdentifier>{4FC737F1-C7A5-4376-A066-2A32D752A2FF}</UniqueIdentifier>
      <Extensions>cpp;c;cc;cxx;c++;cppm;ixx;def;odl;idl;hpj;bat;asm;asmx</Extensions>
    </Filter>
    <Filter Include="Header Files">
      <UniqueIdentifier>{93995380-89BD-4b04-88EB-625FBE52EBFB}</UniqueIdentifier>
      <Extensions>h;hh;hpp;hxx;h++;hm;inl;inc;ipp;xsd</Extensions>
    </Filter>
    <Filter Include="Resource Files">
      <UniqueIdentifier>{67DA6AB6-F800-4c08-8B7A-83BB121AAD01}</UniqueIdentifier>
      <Extensions>rc;ico;cur;bmp;dlg;rc2;rct;bin;rgs;gif;jpg;jpeg;jpe;resx;tiff;tif;png;wav;mfcribbon-ms</Extensions>
    </Filter>
    <Filter Include="Header Files\utils">
      <UniqueIdentifier>{aec46203-1d6c-4831-b031-f5b34b7c7f7f}</UniqueIdentifier>
    </Filter>
    <Filter Include="Source Files\utils">
      <UniqueIdentifier>{21f8a6d7-6bec-4ccb-94cc-806f06d37af7}</UniqueIdentifier>
    </Filter>
  </ItemGroup>
  <ItemGroup>
    <ClCompile Include="src\main.cpp">
      <Filter>Source Files</Filter>
    </ClCompile>
    <ClCompile Include="src\lua.cpp">
      <Filter>Source Files</Filter>
    </ClCompile>
    <ClCompile Include="src\props.cpp">
      <Filter>Source Files</Filter>
    </ClCompile>
    <ClCompile Include="src\resources.cpp">
      <Filter>Source Files</Filter>
    </ClCompile>
    <ClCompile Include="src\json.cpp">
      <Filter>Source Files</Filter>
    </ClCompile>
    <ClCompile Include="src\lualibs.cpp">
      <Filter>Source Files</Filter>
    </ClCompile>
    <ClCompile Include="src\game_basics.cpp">
      <Filter>Source Files</Filter>
    </ClCompile>
    <ClCompile Include="src\game_controller.cpp">
      <Filter>Source Files</Filter>
    </ClCompile>
    <ClCompile Include="src\fonts.cpp">
      <Filter>Source Files</Filter>
    </ClCompile>
    <ClCompile Include="src\globals.cpp">
      <Filter>Source Files</Filter>
    </ClCompile>
    <ClCompile Include="src\bubbles.cpp">
      <Filter>Source Files</Filter>
    </ClCompile>
    <ClCompile Include="src\assets.cpp">
      <Filter>Source Files</Filter>
    </ClCompile>
    <ClCompile Include="src\utils\RNG.cpp">
      <Filter>Source Files\utils</Filter>
    </ClCompile>
  </ItemGroup>
  <ItemGroup>
    <ClInclude Include="src\common.h">
      <Filter>Header Files</Filter>
    </ClInclude>
    <ClInclude Include="src\lua.h">
      <Filter>Header Files</Filter>
    </ClInclude>
    <ClInclude Include="src\props.h">
      <Filter>Header Files</Filter>
    </ClInclude>
    <ClInclude Include="src\resources.h">
      <Filter>Header Files</Filter>
    </ClInclude>
    <ClInclude Include="src\json.h">
      <Filter>Header Files</Filter>
    </ClInclude>
    <ClInclude Include="src\lualibs.h">
      <Filter>Header Files</Filter>
    </ClInclude>
    <ClInclude Include="src\game_basics.h">
      <Filter>Header Files</Filter>
    </ClInclude>
    <ClInclude Include="src\utils\SimpleContainer.h">
      <Filter>Header Files\utils</Filter>
    </ClInclude>
    <ClInclude Include="src\game_controller.h">
      <Filter>Header Files</Filter>
    </ClInclude>
    <ClInclude Include="src\utils\SimpleElementManager.h">
      <Filter>Header Files\utils</Filter>
    </ClInclude>
    <ClInclude Include="src\utils\NullableReference.h">
      <Filter>Header Files\utils</Filter>
    </ClInclude>
    <ClInclude Include="src\globals.h">
      <Filter>Header Files</Filter>
    </ClInclude>
    <ClInclude Include="src\bubbles.h">
      <Filter>Header Files</Filter>
    </ClInclude>
    <ClInclude Include="src\assets.h">
      <Filter>Header Files</Filter>
    </ClInclude>
    <ClInclude Include="src\fonts.h">
      <Filter>Header Files</Filter>
    </ClInclude>
    <ClInclude Include="src\utils\RNG.h">
      <Filter>Header Files\utils</Filter>
    </ClInclude>
  </ItemGroup>
</Project>