
Microsoft Visual Studio Solution File, Format Version 12.00
# Visual Studio Version 17
VisualStudioVersion = 17.1.32127.271
MinimumVisualStudioVersion = 10.0.40219.1
Project("{8BC9CEB8-8B4A-11D0-8D11-00A0C91BC942}") = "PuzzleBubbleClassics", "PuzzleBubbleClassics.vcxproj", "{0233218F-2F20-40E7-A7ED-5AC4CDA46F8F}"
EndProject
Global
	GlobalSection(SolutionConfigurationPlatforms) = preSolution
		Debug|x64 = Debug|x64
		Release|x64 = Release|x64
	EndGlobalSection
	GlobalSection(ProjectConfigurationPlatforms) = postSolution
		{0233218F-2F20-40E7-A7ED-5AC4CDA46F8F}.Debug|x64.ActiveCfg = Debug|x64
		{0233218F-2F20-40E7-A7ED-5AC4CDA46F8F}.Debug|x64.Build.0 = Debug|x64
		{0233218F-2F20-40E7-A7ED-5AC4CDA46F8F}.Release|x64.ActiveCfg = Release|x64
		{0233218F-2F20-40E7-A7ED-5AC4CDA46F8F}.Release|x64.Build.0 = Release|x64
	EndGlobalSection
	GlobalSection(SolutionProperties) = preSolution
		HideSolutionNode = FALSE
	EndGlobalSection
	GlobalSection(ExtensibilityGlobals) = postSolution
		SolutionGuid = {9AB3C23B-9398-4744-BF36-333249887190}
	EndGlobalSection
EndGlobal
